
Microsoft Visual Studio Solution File, Format Version 12.00
# Visual Studio Version 16
VisualStudioVersion = 16.0.31313.79
MinimumVisualStudioVersion = 10.0.40219.1
Project("{8BC9CEB8-8B4A-11D0-8D11-00A0C91BC942}") = "TestCases", "TestCases\TestCases.vcxproj", "{BC4E8FFD-DF6E-4C14-BA50-6721365A11CF}"
EndProject
Project("{8BC9CEB8-8B4A-11D0-8D11-00A0C91BC942}") = "Answer", "..\Answer\Answer.vcxproj", "{3324B169-F8E8-492C-B26A-342DDB38ADB3}"
EndProject
Global
	GlobalSection(SolutionConfigurationPlatforms) = preSolution
		Debug|x64 = Debug|x64
		Debug|x86 = Debug|x86
		Release|x64 = Release|x64
		Release|x86 = Release|x86
	EndGlobalSection
	GlobalSection(ProjectConfigurationPlatforms) = postSolution
		{BC4E8FFD-DF6E-4C14-BA50-6721365A11CF}.Debug|x64.ActiveCfg = Debug|x64
		{BC4E8FFD-DF6E-4C14-BA50-6721365A11CF}.Debug|x64.Build.0 = Debug|x64
		{BC4E8FFD-DF6E-4C14-BA50-6721365A11CF}.Debug|x86.ActiveCfg = Debug|Win32
		{BC4E8FFD-DF6E-4C14-BA50-6721365A11CF}.Debug|x86.Build.0 = Debug|Win32
		{BC4E8FFD-DF6E-4C14-BA50-6721365A11CF}.Release|x64.ActiveCfg = Release|x64
		{BC4E8FFD-DF6E-4C14-BA50-6721365A11CF}.Release|x64.Build.0 = Release|x64
		{BC4E8FFD-DF6E-4C14-BA50-6721365A11CF}.Release|x86.ActiveCfg = Release|Win32
		{BC4E8FFD-DF6E-4C14-BA50-6721365A11CF}.Release|x86.Build.0 = Release|Win32
		{3324B169-F8E8-492C-B26A-342DDB38ADB3}.Debug|x64.ActiveCfg = Debug|x64
		{3324B169-F8E8-492C-B26A-342DDB38ADB3}.Debug|x64.Build.0 = Debug|x64
		{3324B169-F8E8-492C-B26A-342DDB38ADB3}.Debug|x86.ActiveCfg = Debug|Win32
		{3324B169-F8E8-492C-B26A-342DDB38ADB3}.Debug|x86.Build.0 = Debug|Win32
		{3324B169-F8E8-492C-B26A-342DDB38ADB3}.Release|x64.ActiveCfg = Release|x64
		{3324B169-F8E8-492C-B26A-342DDB38ADB3}.Release|x64.Build.0 = Release|x64
		{3324B169-F8E8-492C-B26A-342DDB38ADB3}.Release|x86.ActiveCfg = Release|Win32
		{3324B169-F8E8-492C-B26A-342DDB38ADB3}.Release|x86.Build.0 = Release|Win32
	EndGlobalSection
	GlobalSection(SolutionProperties) = preSolution
		HideSolutionNode = FALSE
	EndGlobalSection
	GlobalSection(ExtensibilityGlobals) = postSolution
		SolutionGuid = {6055CA7C-A472-4AD6-A1EF-EFB073EBA0FB}
	EndGlobalSection
EndGlobal
